// !$*UTF8*$!
{
	archiveVersion = 1;
	classes = {
	};
	objectVersion = 56;
	objects = {

/* Begin PBXBuildFile section */
		0263A9D32AF08FD7009AE101 /* AppDelegate.swift in Sources */ = {isa = PBXBuildFile; fileRef = 0263A9D22AF08FD7009AE101 /* AppDelegate.swift */; };
		0263A9D52AF08FD7009AE101 /* SceneDelegate.swift in Sources */ = {isa = PBXBuildFile; fileRef = 0263A9D42AF08FD7009AE101 /* SceneDelegate.swift */; };
		0263A9D72AF08FD7009AE101 /* HomeViewController.swift in Sources */ = {isa = PBXBuildFile; fileRef = 0263A9D62AF08FD7009AE101 /* HomeViewController.swift */; };
		0263A9DC2AF08FD9009AE101 /* Assets.xcassets in Resources */ = {isa = PBXBuildFile; fileRef = 0263A9DB2AF08FD9009AE101 /* Assets.xcassets */; };
		0263A9DF2AF08FD9009AE101 /* LaunchScreen.storyboard in Resources */ = {isa = PBXBuildFile; fileRef = 0263A9DD2AF08FD9009AE101 /* LaunchScreen.storyboard */; };
		0263A9EA2AF08FD9009AE101 /* SecondProjectAPINetworkRequestTests.swift in Sources */ = {isa = PBXBuildFile; fileRef = 0263A9E92AF08FD9009AE101 /* SecondProjectAPINetworkRequestTests.swift */; };
		0263A9F42AF08FD9009AE101 /* SecondProjectAPINetworkRequestUITests.swift in Sources */ = {isa = PBXBuildFile; fileRef = 0263A9F32AF08FD9009AE101 /* SecondProjectAPINetworkRequestUITests.swift */; };
		0263A9F62AF08FD9009AE101 /* SecondProjectAPINetworkRequestUITestsLaunchTests.swift in Sources */ = {isa = PBXBuildFile; fileRef = 0263A9F52AF08FD9009AE101 /* SecondProjectAPINetworkRequestUITestsLaunchTests.swift */; };
		0263AA042AF0904E009AE101 /* HomeService.swift in Sources */ = {isa = PBXBuildFile; fileRef = 0263AA032AF0904E009AE101 /* HomeService.swift */; };
		0263AA072AF09083009AE101 /* NetworkError.swift in Sources */ = {isa = PBXBuildFile; fileRef = 0263AA062AF09083009AE101 /* NetworkError.swift */; };
		0263AA0A2AF090D5009AE101 /* HomeView.swift in Sources */ = {isa = PBXBuildFile; fileRef = 0263AA092AF090D5009AE101 /* HomeView.swift */; };
		0263AA0E2AF09136009AE101 /* HomeViewModel.swift in Sources */ = {isa = PBXBuildFile; fileRef = 0263AA0D2AF09136009AE101 /* HomeViewModel.swift */; };
		0263AA112AF0914C009AE101 /* Person.swift in Sources */ = {isa = PBXBuildFile; fileRef = 0263AA102AF0914C009AE101 /* Person.swift */; };
		0263AA132AF09155009AE101 /* People.swift in Sources */ = {isa = PBXBuildFile; fileRef = 0263AA122AF09155009AE101 /* People.swift */; };
		0263AA162AF091C5009AE101 /* PersonTableViewCell.swift in Sources */ = {isa = PBXBuildFile; fileRef = 0263AA152AF091C5009AE101 /* PersonTableViewCell.swift */; };
		0263AA192AF09208009AE101 /* PersonTableViewCellScreen.swift in Sources */ = {isa = PBXBuildFile; fileRef = 0263AA182AF09208009AE101 /* PersonTableViewCellScreen.swift */; };
/* End PBXBuildFile section */

/* Begin PBXContainerItemProxy section */
		0263A9E62AF08FD9009AE101 /* PBXContainerItemProxy */ = {
			isa = PBXContainerItemProxy;
			containerPortal = 0263A9C72AF08FD7009AE101 /* Project object */;
			proxyType = 1;
			remoteGlobalIDString = 0263A9CE2AF08FD7009AE101;
			remoteInfo = SecondProjectAPINetworkRequest;
		};
		0263A9F02AF08FD9009AE101 /* PBXContainerItemProxy */ = {
			isa = PBXContainerItemProxy;
			containerPortal = 0263A9C72AF08FD7009AE101 /* Project object */;
			proxyType = 1;
			remoteGlobalIDString = 0263A9CE2AF08FD7009AE101;
			remoteInfo = SecondProjectAPINetworkRequest;
		};
/* End PBXContainerItemProxy section */

/* Begin PBXFileReference section */
		0263A9CF2AF08FD7009AE101 /* SecondProjectAPINetworkRequest.app */ = {isa = PBXFileReference; explicitFileType = wrapper.application; includeInIndex = 0; path = SecondProjectAPINetworkRequest.app; sourceTree = BUILT_PRODUCTS_DIR; };
		0263A9D22AF08FD7009AE101 /* AppDelegate.swift */ = {isa = PBXFileReference; lastKnownFileType = sourcecode.swift; path = AppDelegate.swift; sourceTree = "<group>"; };
		0263A9D42AF08FD7009AE101 /* SceneDelegate.swift */ = {isa = PBXFileReference; lastKnownFileType = sourcecode.swift; path = SceneDelegate.swift; sourceTree = "<group>"; };
		0263A9D62AF08FD7009AE101 /* HomeViewController.swift */ = {isa = PBXFileReference; lastKnownFileType = sourcecode.swift; path = HomeViewController.swift; sourceTree = "<group>"; };
		0263A9DB2AF08FD9009AE101 /* Assets.xcassets */ = {isa = PBXFileReference; lastKnownFileType = folder.assetcatalog; path = Assets.xcassets; sourceTree = "<group>"; };
		0263A9DE2AF08FD9009AE101 /* Base */ = {isa = PBXFileReference; lastKnownFileType = file.storyboard; name = Base; path = Base.lproj/LaunchScreen.storyboard; sourceTree = "<group>"; };
		0263A9E02AF08FD9009AE101 /* Info.plist */ = {isa = PBXFileReference; lastKnownFileType = text.plist.xml; path = Info.plist; sourceTree = "<group>"; };
		0263A9E52AF08FD9009AE101 /* SecondProjectAPINetworkRequestTests.xctest */ = {isa = PBXFileReference; explicitFileType = wrapper.cfbundle; includeInIndex = 0; path = SecondProjectAPINetworkRequestTests.xctest; sourceTree = BUILT_PRODUCTS_DIR; };
		0263A9E92AF08FD9009AE101 /* SecondProjectAPINetworkRequestTests.swift */ = {isa = PBXFileReference; lastKnownFileType = sourcecode.swift; path = SecondProjectAPINetworkRequestTests.swift; sourceTree = "<group>"; };
		0263A9EF2AF08FD9009AE101 /* SecondProjectAPINetworkRequestUITests.xctest */ = {isa = PBXFileReference; explicitFileType = wrapper.cfbundle; includeInIndex = 0; path = SecondProjectAPINetworkRequestUITests.xctest; sourceTree = BUILT_PRODUCTS_DIR; };
		0263A9F32AF08FD9009AE101 /* SecondProjectAPINetworkRequestUITests.swift */ = {isa = PBXFileReference; lastKnownFileType = sourcecode.swift; path = SecondProjectAPINetworkRequestUITests.swift; sourceTree = "<group>"; };
		0263A9F52AF08FD9009AE101 /* SecondProjectAPINetworkRequestUITestsLaunchTests.swift */ = {isa = PBXFileReference; lastKnownFileType = sourcecode.swift; path = SecondProjectAPINetworkRequestUITestsLaunchTests.swift; sourceTree = "<group>"; };
		0263AA032AF0904E009AE101 /* HomeService.swift */ = {isa = PBXFileReference; lastKnownFileType = sourcecode.swift; path = HomeService.swift; sourceTree = "<group>"; };
		0263AA062AF09083009AE101 /* NetworkError.swift */ = {isa = PBXFileReference; lastKnownFileType = sourcecode.swift; path = NetworkError.swift; sourceTree = "<group>"; };
		0263AA092AF090D5009AE101 /* HomeView.swift */ = {isa = PBXFileReference; lastKnownFileType = sourcecode.swift; path = HomeView.swift; sourceTree = "<group>"; };
		0263AA0D2AF09136009AE101 /* HomeViewModel.swift */ = {isa = PBXFileReference; lastKnownFileType = sourcecode.swift; path = HomeViewModel.swift; sourceTree = "<group>"; };
		0263AA102AF0914C009AE101 /* Person.swift */ = {isa = PBXFileReference; lastKnownFileType = sourcecode.swift; path = Person.swift; sourceTree = "<group>"; };
		0263AA122AF09155009AE101 /* People.swift */ = {isa = PBXFileReference; lastKnownFileType = sourcecode.swift; path = People.swift; sourceTree = "<group>"; };
		0263AA152AF091C5009AE101 /* PersonTableViewCell.swift */ = {isa = PBXFileReference; lastKnownFileType = sourcecode.swift; path = PersonTableViewCell.swift; sourceTree = "<group>"; };
		0263AA182AF09208009AE101 /* PersonTableViewCellScreen.swift */ = {isa = PBXFileReference; lastKnownFileType = sourcecode.swift; path = PersonTableViewCellScreen.swift; sourceTree = "<group>"; };
/* End PBXFileReference section */

/* Begin PBXFrameworksBuildPhase section */
		0263A9CC2AF08FD7009AE101 /* Frameworks */ = {
			isa = PBXFrameworksBuildPhase;
			buildActionMask = 2147483647;
			files = (
			);
			runOnlyForDeploymentPostprocessing = 0;
		};
		0263A9E22AF08FD9009AE101 /* Frameworks */ = {
			isa = PBXFrameworksBuildPhase;
			buildActionMask = 2147483647;
			files = (
			);
			runOnlyForDeploymentPostprocessing = 0;
		};
		0263A9EC2AF08FD9009AE101 /* Frameworks */ = {
			isa = PBXFrameworksBuildPhase;
			buildActionMask = 2147483647;
			files = (
			);
			runOnlyForDeploymentPostprocessing = 0;
		};
/* End PBXFrameworksBuildPhase section */

/* Begin PBXGroup section */
		0263A9C62AF08FD7009AE101 = {
			isa = PBXGroup;
			children = (
				0263A9D12AF08FD7009AE101 /* SecondProjectAPINetworkRequest */,
				0263A9E82AF08FD9009AE101 /* SecondProjectAPINetworkRequestTests */,
				0263A9F22AF08FD9009AE101 /* SecondProjectAPINetworkRequestUITests */,
				0263A9D02AF08FD7009AE101 /* Products */,
			);
			sourceTree = "<group>";
		};
		0263A9D02AF08FD7009AE101 /* Products */ = {
			isa = PBXGroup;
			children = (
				0263A9CF2AF08FD7009AE101 /* SecondProjectAPINetworkRequest.app */,
				0263A9E52AF08FD9009AE101 /* SecondProjectAPINetworkRequestTests.xctest */,
				0263A9EF2AF08FD9009AE101 /* SecondProjectAPINetworkRequestUITests.xctest */,
			);
			name = Products;
			sourceTree = "<group>";
		};
		0263A9D12AF08FD7009AE101 /* SecondProjectAPINetworkRequest */ = {
			isa = PBXGroup;
			children = (
				0263AA0F2AF09141009AE101 /* Model */,
				0263AA052AF09076009AE101 /* Util */,
				0263AA022AF0903F009AE101 /* Service */,
				0263AA082AF090BF009AE101 /* Home */,
				0263A9D42AF08FD7009AE101 /* SceneDelegate.swift */,
				0263A9D22AF08FD7009AE101 /* AppDelegate.swift */,
				0263A9DB2AF08FD9009AE101 /* Assets.xcassets */,
				0263A9DD2AF08FD9009AE101 /* LaunchScreen.storyboard */,
				0263A9E02AF08FD9009AE101 /* Info.plist */,
			);
			path = SecondProjectAPINetworkRequest;
			sourceTree = "<group>";
		};
		0263A9E82AF08FD9009AE101 /* SecondProjectAPINetworkRequestTests */ = {
			isa = PBXGroup;
			children = (
				0263A9E92AF08FD9009AE101 /* SecondProjectAPINetworkRequestTests.swift */,
			);
			path = SecondProjectAPINetworkRequestTests;
			sourceTree = "<group>";
		};
		0263A9F22AF08FD9009AE101 /* SecondProjectAPINetworkRequestUITests */ = {
			isa = PBXGroup;
			children = (
				0263A9F32AF08FD9009AE101 /* SecondProjectAPINetworkRequestUITests.swift */,
				0263A9F52AF08FD9009AE101 /* SecondProjectAPINetworkRequestUITestsLaunchTests.swift */,
			);
			path = SecondProjectAPINetworkRequestUITests;
			sourceTree = "<group>";
		};
		0263AA022AF0903F009AE101 /* Service */ = {
			isa = PBXGroup;
			children = (
				0263AA032AF0904E009AE101 /* HomeService.swift */,
			);
			path = Service;
			sourceTree = "<group>";
		};
		0263AA052AF09076009AE101 /* Util */ = {
			isa = PBXGroup;
			children = (
				0263AA062AF09083009AE101 /* NetworkError.swift */,
			);
			path = Util;
			sourceTree = "<group>";
		};
		0263AA082AF090BF009AE101 /* Home */ = {
			isa = PBXGroup;
			children = (
				0263AA142AF091B1009AE101 /* Cell */,
				0263AA0C2AF0911D009AE101 /* ViewModel */,
				0263AA0B2AF090D9009AE101 /* View */,
				0263A9D62AF08FD7009AE101 /* HomeViewController.swift */,
			);
			path = Home;
			sourceTree = "<group>";
		};
		0263AA0B2AF090D9009AE101 /* View */ = {
			isa = PBXGroup;
			children = (
				0263AA092AF090D5009AE101 /* HomeView.swift */,
			);
			path = View;
			sourceTree = "<group>";
		};
		0263AA0C2AF0911D009AE101 /* ViewModel */ = {
			isa = PBXGroup;
			children = (
				0263AA0D2AF09136009AE101 /* HomeViewModel.swift */,
			);
			path = ViewModel;
			sourceTree = "<group>";
		};
		0263AA0F2AF09141009AE101 /* Model */ = {
			isa = PBXGroup;
			children = (
				0263AA102AF0914C009AE101 /* Person.swift */,
				0263AA122AF09155009AE101 /* People.swift */,
			);
			path = Model;
			sourceTree = "<group>";
		};
		0263AA142AF091B1009AE101 /* Cell */ = {
			isa = PBXGroup;
			children = (
				0263AA172AF091CE009AE101 /* View */,
				0263AA152AF091C5009AE101 /* PersonTableViewCell.swift */,
			);
			path = Cell;
			sourceTree = "<group>";
		};
		0263AA172AF091CE009AE101 /* View */ = {
			isa = PBXGroup;
			children = (
				0263AA182AF09208009AE101 /* PersonTableViewCellScreen.swift */,
			);
			path = View;
			sourceTree = "<group>";
		};
/* End PBXGroup section */

/* Begin PBXNativeTarget section */
		0263A9CE2AF08FD7009AE101 /* SecondProjectAPINetworkRequest */ = {
			isa = PBXNativeTarget;
			buildConfigurationList = 0263A9F92AF08FD9009AE101 /* Build configuration list for PBXNativeTarget "SecondProjectAPINetworkRequest" */;
			buildPhases = (
				0263A9CB2AF08FD7009AE101 /* Sources */,
				0263A9CC2AF08FD7009AE101 /* Frameworks */,
				0263A9CD2AF08FD7009AE101 /* Resources */,
			);
			buildRules = (
			);
			dependencies = (
			);
			name = SecondProjectAPINetworkRequest;
			productName = SecondProjectAPINetworkRequest;
			productReference = 0263A9CF2AF08FD7009AE101 /* SecondProjectAPINetworkRequest.app */;
			productType = "com.apple.product-type.application";
		};
		0263A9E42AF08FD9009AE101 /* SecondProjectAPINetworkRequestTests */ = {
			isa = PBXNativeTarget;
			buildConfigurationList = 0263A9FC2AF08FD9009AE101 /* Build configuration list for PBXNativeTarget "SecondProjectAPINetworkRequestTests" */;
			buildPhases = (
				0263A9E12AF08FD9009AE101 /* Sources */,
				0263A9E22AF08FD9009AE101 /* Frameworks */,
				0263A9E32AF08FD9009AE101 /* Resources */,
			);
			buildRules = (
			);
			dependencies = (
				0263A9E72AF08FD9009AE101 /* PBXTargetDependency */,
			);
			name = SecondProjectAPINetworkRequestTests;
			productName = SecondProjectAPINetworkRequestTests;
			productReference = 0263A9E52AF08FD9009AE101 /* SecondProjectAPINetworkRequestTests.xctest */;
			productType = "com.apple.product-type.bundle.unit-test";
		};
		0263A9EE2AF08FD9009AE101 /* SecondProjectAPINetworkRequestUITests */ = {
			isa = PBXNativeTarget;
			buildConfigurationList = 0263A9FF2AF08FD9009AE101 /* Build configuration list for PBXNativeTarget "SecondProjectAPINetworkRequestUITests" */;
			buildPhases = (
				0263A9EB2AF08FD9009AE101 /* Sources */,
				0263A9EC2AF08FD9009AE101 /* Frameworks */,
				0263A9ED2AF08FD9009AE101 /* Resources */,
			);
			buildRules = (
			);
			dependencies = (
				0263A9F12AF08FD9009AE101 /* PBXTargetDependency */,
			);
			name = SecondProjectAPINetworkRequestUITests;
			productName = SecondProjectAPINetworkRequestUITests;
			productReference = 0263A9EF2AF08FD9009AE101 /* SecondProjectAPINetworkRequestUITests.xctest */;
			productType = "com.apple.product-type.bundle.ui-testing";
		};
/* End PBXNativeTarget section */

/* Begin PBXProject section */
		0263A9C72AF08FD7009AE101 /* Project object */ = {
			isa = PBXProject;
			attributes = {
				BuildIndependentTargetsInParallel = 1;
				LastSwiftUpdateCheck = 1500;
				LastUpgradeCheck = 1500;
				TargetAttributes = {
					0263A9CE2AF08FD7009AE101 = {
						CreatedOnToolsVersion = 15.0;
					};
					0263A9E42AF08FD9009AE101 = {
						CreatedOnToolsVersion = 15.0;
						TestTargetID = 0263A9CE2AF08FD7009AE101;
					};
					0263A9EE2AF08FD9009AE101 = {
						CreatedOnToolsVersion = 15.0;
						TestTargetID = 0263A9CE2AF08FD7009AE101;
					};
				};
			};
			buildConfigurationList = 0263A9CA2AF08FD7009AE101 /* Build configuration list for PBXProject "SecondProjectAPINetworkRequest" */;
			compatibilityVersion = "Xcode 14.0";
			developmentRegion = en;
			hasScannedForEncodings = 0;
			knownRegions = (
				en,
				Base,
			);
			mainGroup = 0263A9C62AF08FD7009AE101;
			productRefGroup = 0263A9D02AF08FD7009AE101 /* Products */;
			projectDirPath = "";
			projectRoot = "";
			targets = (
				0263A9CE2AF08FD7009AE101 /* SecondProjectAPINetworkRequest */,
				0263A9E42AF08FD9009AE101 /* SecondProjectAPINetworkRequestTests */,
				0263A9EE2AF08FD9009AE101 /* SecondProjectAPINetworkRequestUITests */,
			);
		};
/* End PBXProject section */

/* Begin PBXResourcesBuildPhase section */
		0263A9CD2AF08FD7009AE101 /* Resources */ = {
			isa = PBXResourcesBuildPhase;
			buildActionMask = 2147483647;
			files = (
				0263A9DF2AF08FD9009AE101 /* LaunchScreen.storyboard in Resources */,
				0263A9DC2AF08FD9009AE101 /* Assets.xcassets in Resources */,
			);
			runOnlyForDeploymentPostprocessing = 0;
		};
		0263A9E32AF08FD9009AE101 /* Resources */ = {
			isa = PBXResourcesBuildPhase;
			buildActionMask = 2147483647;
			files = (
			);
			runOnlyForDeploymentPostprocessing = 0;
		};
		0263A9ED2AF08FD9009AE101 /* Resources */ = {
			isa = PBXResourcesBuildPhase;
			buildActionMask = 2147483647;
			files = (
			);
			runOnlyForDeploymentPostprocessing = 0;
		};
/* End PBXResourcesBuildPhase section */

/* Begin PBXSourcesBuildPhase section */
		0263A9CB2AF08FD7009AE101 /* Sources */ = {
			isa = PBXSourcesBuildPhase;
			buildActionMask = 2147483647;
			files = (
				0263A9D72AF08FD7009AE101 /* HomeViewController.swift in Sources */,
				0263AA192AF09208009AE101 /* PersonTableViewCellScreen.swift in Sources */,
				0263A9D32AF08FD7009AE101 /* AppDelegate.swift in Sources */,
				0263AA0E2AF09136009AE101 /* HomeViewModel.swift in Sources */,
				0263AA042AF0904E009AE101 /* HomeService.swift in Sources */,
				0263AA132AF09155009AE101 /* People.swift in Sources */,
				0263AA0A2AF090D5009AE101 /* HomeView.swift in Sources */,
				0263A9D52AF08FD7009AE101 /* SceneDelegate.swift in Sources */,
				0263AA112AF0914C009AE101 /* Person.swift in Sources */,
				0263AA162AF091C5009AE101 /* PersonTableViewCell.swift in Sources */,
				0263AA072AF09083009AE101 /* NetworkError.swift in Sources */,
			);
			runOnlyForDeploymentPostprocessing = 0;
		};
		0263A9E12AF08FD9009AE101 /* Sources */ = {
			isa = PBXSourcesBuildPhase;
			buildActionMask = 2147483647;
			files = (
				0263A9EA2AF08FD9009AE101 /* SecondProjectAPINetworkRequestTests.swift in Sources */,
			);
			runOnlyForDeploymentPostprocessing = 0;
		};
		0263A9EB2AF08FD9009AE101 /* Sources */ = {
			isa = PBXSourcesBuildPhase;
			buildActionMask = 2147483647;
			files = (
				0263A9F62AF08FD9009AE101 /* SecondProjectAPINetworkRequestUITestsLaunchTests.swift in Sources */,
				0263A9F42AF08FD9009AE101 /* SecondProjectAPINetworkRequestUITests.swift in Sources */,
			);
			runOnlyForDeploymentPostprocessing = 0;
		};
/* End PBXSourcesBuildPhase section */

/* Begin PBXTargetDependency section */
		0263A9E72AF08FD9009AE101 /* PBXTargetDependency */ = {
			isa = PBXTargetDependency;
			target = 0263A9CE2AF08FD7009AE101 /* SecondProjectAPINetworkRequest */;
			targetProxy = 0263A9E62AF08FD9009AE101 /* PBXContainerItemProxy */;
		};
		0263A9F12AF08FD9009AE101 /* PBXTargetDependency */ = {
			isa = PBXTargetDependency;
			target = 0263A9CE2AF08FD7009AE101 /* SecondProjectAPINetworkRequest */;
			targetProxy = 0263A9F02AF08FD9009AE101 /* PBXContainerItemProxy */;
		};
/* End PBXTargetDependency section */

/* Begin PBXVariantGroup section */
		0263A9DD2AF08FD9009AE101 /* LaunchScreen.storyboard */ = {
			isa = PBXVariantGroup;
			children = (
				0263A9DE2AF08FD9009AE101 /* Base */,
			);
			name = LaunchScreen.storyboard;
			sourceTree = "<group>";
		};
/* End PBXVariantGroup section */

/* Begin XCBuildConfiguration section */
		0263A9F72AF08FD9009AE101 /* Debug */ = {
			isa = XCBuildConfiguration;
			buildSettings = {
				ALWAYS_SEARCH_USER_PATHS = NO;
				ASSETCATALOG_COMPILER_GENERATE_SWIFT_ASSET_SYMBOL_EXTENSIONS = YES;
				CLANG_ANALYZER_NONNULL = YES;
				CLANG_ANALYZER_NUMBER_OBJECT_CONVERSION = YES_AGGRESSIVE;
				CLANG_CXX_LANGUAGE_STANDARD = "gnu++20";
				CLANG_ENABLE_MODULES = YES;
				CLANG_ENABLE_OBJC_ARC = YES;
				CLANG_ENABLE_OBJC_WEAK = YES;
				CLANG_WARN_BLOCK_CAPTURE_AUTORELEASING = YES;
				CLANG_WARN_BOOL_CONVERSION = YES;
				CLANG_WARN_COMMA = YES;
				CLANG_WARN_CONSTANT_CONVERSION = YES;
				CLANG_WARN_DEPRECATED_OBJC_IMPLEMENTATIONS = YES;
				CLANG_WARN_DIRECT_OBJC_ISA_USAGE = YES_ERROR;
				CLANG_WARN_DOCUMENTATION_COMMENTS = YES;
				CLANG_WARN_EMPTY_BODY = YES;
				CLANG_WARN_ENUM_CONVERSION = YES;
				CLANG_WARN_INFINITE_RECURSION = YES;
				CLANG_WARN_INT_CONVERSION = YES;
				CLANG_WARN_NON_LITERAL_NULL_CONVERSION = YES;
				CLANG_WARN_OBJC_IMPLICIT_RETAIN_SELF = YES;
				CLANG_WARN_OBJC_LITERAL_CONVERSION = YES;
				CLANG_WARN_OBJC_ROOT_CLASS = YES_ERROR;
				CLANG_WARN_QUOTED_INCLUDE_IN_FRAMEWORK_HEADER = YES;
				CLANG_WARN_RANGE_LOOP_ANALYSIS = YES;
				CLANG_WARN_STRICT_PROTOTYPES = YES;
				CLANG_WARN_SUSPICIOUS_MOVE = YES;
				CLANG_WARN_UNGUARDED_AVAILABILITY = YES_AGGRESSIVE;
				CLANG_WARN_UNREACHABLE_CODE = YES;
				CLANG_WARN__DUPLICATE_METHOD_MATCH = YES;
				COPY_PHASE_STRIP = NO;
				DEBUG_INFORMATION_FORMAT = dwarf;
				ENABLE_STRICT_OBJC_MSGSEND = YES;
				ENABLE_TESTABILITY = YES;
				ENABLE_USER_SCRIPT_SANDBOXING = YES;
				GCC_C_LANGUAGE_STANDARD = gnu17;
				GCC_DYNAMIC_NO_PIC = NO;
				GCC_NO_COMMON_BLOCKS = YES;
				GCC_OPTIMIZATION_LEVEL = 0;
				GCC_PREPROCESSOR_DEFINITIONS = (
					"DEBUG=1",
					"$(inherited)",
				);
				GCC_WARN_64_TO_32_BIT_CONVERSION = YES;
				GCC_WARN_ABOUT_RETURN_TYPE = YES_ERROR;
				GCC_WARN_UNDECLARED_SELECTOR = YES;
				GCC_WARN_UNINITIALIZED_AUTOS = YES_AGGRESSIVE;
				GCC_WARN_UNUSED_FUNCTION = YES;
				GCC_WARN_UNUSED_VARIABLE = YES;
				IPHONEOS_DEPLOYMENT_TARGET = 17.0;
				LOCALIZATION_PREFERS_STRING_CATALOGS = YES;
				MTL_ENABLE_DEBUG_INFO = INCLUDE_SOURCE;
				MTL_FAST_MATH = YES;
				ONLY_ACTIVE_ARCH = YES;
				SDKROOT = iphoneos;
				SWIFT_ACTIVE_COMPILATION_CONDITIONS = "DEBUG $(inherited)";
				SWIFT_OPTIMIZATION_LEVEL = "-Onone";
			};
			name = Debug;
		};
		0263A9F82AF08FD9009AE101 /* Release */ = {
			isa = XCBuildConfiguration;
			buildSettings = {
				ALWAYS_SEARCH_USER_PATHS = NO;
				ASSETCATALOG_COMPILER_GENERATE_SWIFT_ASSET_SYMBOL_EXTENSIONS = YES;
				CLANG_ANALYZER_NONNULL = YES;
				CLANG_ANALYZER_NUMBER_OBJECT_CONVERSION = YES_AGGRESSIVE;
				CLANG_CXX_LANGUAGE_STANDARD = "gnu++20";
				CLANG_ENABLE_MODULES = YES;
				CLANG_ENABLE_OBJC_ARC = YES;
				CLANG_ENABLE_OBJC_WEAK = YES;
				CLANG_WARN_BLOCK_CAPTURE_AUTORELEASING = YES;
				CLANG_WARN_BOOL_CONVERSION = YES;
				CLANG_WARN_COMMA = YES;
				CLANG_WARN_CONSTANT_CONVERSION = YES;
				CLANG_WARN_DEPRECATED_OBJC_IMPLEMENTATIONS = YES;
				CLANG_WARN_DIRECT_OBJC_ISA_USAGE = YES_ERROR;
				CLANG_WARN_DOCUMENTATION_COMMENTS = YES;
				CLANG_WARN_EMPTY_BODY = YES;
				CLANG_WARN_ENUM_CONVERSION = YES;
				CLANG_WARN_INFINITE_RECURSION = YES;
				CLANG_WARN_INT_CONVERSION = YES;
				CLANG_WARN_NON_LITERAL_NULL_CONVERSION = YES;
				CLANG_WARN_OBJC_IMPLICIT_RETAIN_SELF = YES;
				CLANG_WARN_OBJC_LITERAL_CONVERSION = YES;
				CLANG_WARN_OBJC_ROOT_CLASS = YES_ERROR;
				CLANG_WARN_QUOTED_INCLUDE_IN_FRAMEWORK_HEADER = YES;
				CLANG_WARN_RANGE_LOOP_ANALYSIS = YES;
				CLANG_WARN_STRICT_PROTOTYPES = YES;
				CLANG_WARN_SUSPICIOUS_MOVE = YES;
				CLANG_WARN_UNGUARDED_AVAILABILITY = YES_AGGRESSIVE;
				CLANG_WARN_UNREACHABLE_CODE = YES;
				CLANG_WARN__DUPLICATE_METHOD_MATCH = YES;
				COPY_PHASE_STRIP = NO;
				DEBUG_INFORMATION_FORMAT = "dwarf-with-dsym";
				ENABLE_NS_ASSERTIONS = NO;
				ENABLE_STRICT_OBJC_MSGSEND = YES;
				ENABLE_USER_SCRIPT_SANDBOXING = YES;
				GCC_C_LANGUAGE_STANDARD = gnu17;
				GCC_NO_COMMON_BLOCKS = YES;
				GCC_WARN_64_TO_32_BIT_CONVERSION = YES;
				GCC_WARN_ABOUT_RETURN_TYPE = YES_ERROR;
				GCC_WARN_UNDECLARED_SELECTOR = YES;
				GCC_WARN_UNINITIALIZED_AUTOS = YES_AGGRESSIVE;
				GCC_WARN_UNUSED_FUNCTION = YES;
				GCC_WARN_UNUSED_VARIABLE = YES;
				IPHONEOS_DEPLOYMENT_TARGET = 17.0;
				LOCALIZATION_PREFERS_STRING_CATALOGS = YES;
				MTL_ENABLE_DEBUG_INFO = NO;
				MTL_FAST_MATH = YES;
				SDKROOT = iphoneos;
				SWIFT_COMPILATION_MODE = wholemodule;
				VALIDATE_PRODUCT = YES;
			};
			name = Release;
		};
		0263A9FA2AF08FD9009AE101 /* Debug */ = {
			isa = XCBuildConfiguration;
			buildSettings = {
				ASSETCATALOG_COMPILER_APPICON_NAME = AppIcon;
				ASSETCATALOG_COMPILER_GLOBAL_ACCENT_COLOR_NAME = AccentColor;
				CODE_SIGN_STYLE = Automatic;
				CURRENT_PROJECT_VERSION = 1;
				DEVELOPMENT_TEAM = 9FV2U5727B;
				GENERATE_INFOPLIST_FILE = YES;
				INFOPLIST_FILE = SecondProjectAPINetworkRequest/Info.plist;
				INFOPLIST_KEY_UIApplicationSupportsIndirectInputEvents = YES;
				INFOPLIST_KEY_UILaunchStoryboardName = LaunchScreen;
				INFOPLIST_KEY_UIMainStoryboardFile = "";
				INFOPLIST_KEY_UISupportedInterfaceOrientations_iPad = "UIInterfaceOrientationPortrait UIInterfaceOrientationPortraitUpsideDown UIInterfaceOrientationLandscapeLeft UIInterfaceOrientationLandscapeRight";
				INFOPLIST_KEY_UISupportedInterfaceOrientations_iPhone = "UIInterfaceOrientationPortrait UIInterfaceOrientationLandscapeLeft UIInterfaceOrientationLandscapeRight";
				LD_RUNPATH_SEARCH_PATHS = (
					"$(inherited)",
					"@executable_path/Frameworks",
				);
				MARKETING_VERSION = 1.0;
				PRODUCT_BUNDLE_IDENTIFIER = dev.enricogollner.SecondProjectAPINetworkRequest;
				PRODUCT_NAME = "$(TARGET_NAME)";
				SWIFT_EMIT_LOC_STRINGS = YES;
				SWIFT_VERSION = 5.0;
				TARGETED_DEVICE_FAMILY = "1,2";
			};
			name = Debug;
		};
		0263A9FB2AF08FD9009AE101 /* Release */ = {
			isa = XCBuildConfiguration;
			buildSettings = {
				ASSETCATALOG_COMPILER_APPICON_NAME = AppIcon;
				ASSETCATALOG_COMPILER_GLOBAL_ACCENT_COLOR_NAME = AccentColor;
				CODE_SIGN_STYLE = Automatic;
				CURRENT_PROJECT_VERSION = 1;
				DEVELOPMENT_TEAM = 9FV2U5727B;
				GENERATE_INFOPLIST_FILE = YES;
				INFOPLIST_FILE = SecondProjectAPINetworkRequest/Info.plist;
				INFOPLIST_KEY_UIApplicationSupportsIndirectInputEvents = YES;
				INFOPLIST_KEY_UILaunchStoryboardName = LaunchScreen;
				INFOPLIST_KEY_UIMainStoryboardFile = "";
				INFOPLIST_KEY_UISupportedInterfaceOrientations_iPad = "UIInterfaceOrientationPortrait UIInterfaceOrientationPortraitUpsideDown UIInterfaceOrientationLandscapeLeft UIInterfaceOrientationLandscapeRight";
				INFOPLIST_KEY_UISupportedInterfaceOrientations_iPhone = "UIInterfaceOrientationPortrait UIInterfaceOrientationLandscapeLeft UIInterfaceOrientationLandscapeRight";
				LD_RUNPATH_SEARCH_PATHS = (
					"$(inherited)",
					"@executable_path/Frameworks",
				);
				MARKETING_VERSION = 1.0;
				PRODUCT_BUNDLE_IDENTIFIER = dev.enricogollner.SecondProjectAPINetworkRequest;
				PRODUCT_NAME = "$(TARGET_NAME)";
				SWIFT_EMIT_LOC_STRINGS = YES;
				SWIFT_VERSION = 5.0;
				TARGETED_DEVICE_FAMILY = "1,2";
			};
			name = Release;
		};
		0263A9FD2AF08FD9009AE101 /* Debug */ = {
			isa = XCBuildConfiguration;
			buildSettings = {
				ALWAYS_EMBED_SWIFT_STANDARD_LIBRARIES = YES;
				BUNDLE_LOADER = "$(TEST_HOST)";
				CODE_SIGN_STYLE = Automatic;
				CURRENT_PROJECT_VERSION = 1;
				DEVELOPMENT_TEAM = 9FV2U5727B;
				GENERATE_INFOPLIST_FILE = YES;
				IPHONEOS_DEPLOYMENT_TARGET = 17.0;
				MARKETING_VERSION = 1.0;
				PRODUCT_BUNDLE_IDENTIFIER = dev.enricogollner.SecondProjectAPINetworkRequestTests;
				PRODUCT_NAME = "$(TARGET_NAME)";
				SWIFT_EMIT_LOC_STRINGS = NO;
				SWIFT_VERSION = 5.0;
				TARGETED_DEVICE_FAMILY = "1,2";
				TEST_HOST = "$(BUILT_PRODUCTS_DIR)/SecondProjectAPINetworkRequest.app/$(BUNDLE_EXECUTABLE_FOLDER_PATH)/SecondProjectAPINetworkRequest";
			};
			name = Debug;
		};
		0263A9FE2AF08FD9009AE101 /* Release */ = {
			isa = XCBuildConfiguration;
			buildSettings = {
				ALWAYS_EMBED_SWIFT_STANDARD_LIBRARIES = YES;
				BUNDLE_LOADER = "$(TEST_HOST)";
				CODE_SIGN_STYLE = Automatic;
				CURRENT_PROJECT_VERSION = 1;
				DEVELOPMENT_TEAM = 9FV2U5727B;
				GENERATE_INFOPLIST_FILE = YES;
				IPHONEOS_DEPLOYMENT_TARGET = 17.0;
				MARKETING_VERSION = 1.0;
				PRODUCT_BUNDLE_IDENTIFIER = dev.enricogollner.SecondProjectAPINetworkRequestTests;
				PRODUCT_NAME = "$(TARGET_NAME)";
				SWIFT_EMIT_LOC_STRINGS = NO;
				SWIFT_VERSION = 5.0;
				TARGETED_DEVICE_FAMILY = "1,2";
				TEST_HOST = "$(BUILT_PRODUCTS_DIR)/SecondProjectAPINetworkRequest.app/$(BUNDLE_EXECUTABLE_FOLDER_PATH)/SecondProjectAPINetworkRequest";
			};
			name = Release;
		};
		0263AA002AF08FD9009AE101 /* Debug */ = {
			isa = XCBuildConfiguration;
			buildSettings = {
				ALWAYS_EMBED_SWIFT_STANDARD_LIBRARIES = YES;
				CODE_SIGN_STYLE = Automatic;
				CURRENT_PROJECT_VERSION = 1;
				DEVELOPMENT_TEAM = 9FV2U5727B;
				GENERATE_INFOPLIST_FILE = YES;
				MARKETING_VERSION = 1.0;
				PRODUCT_BUNDLE_IDENTIFIER = dev.enricogollner.SecondProjectAPINetworkRequestUITests;
				PRODUCT_NAME = "$(TARGET_NAME)";
				SWIFT_EMIT_LOC_STRINGS = NO;
				SWIFT_VERSION = 5.0;
				TARGETED_DEVICE_FAMILY = "1,2";
				TEST_TARGET_NAME = SecondProjectAPINetworkRequest;
			};
			name = Debug;
		};
		0263AA012AF08FD9009AE101 /* Release */ = {
			isa = XCBuildConfiguration;
			buildSettings = {
				ALWAYS_EMBED_SWIFT_STANDARD_LIBRARIES = YES;
				CODE_SIGN_STYLE = Automatic;
				CURRENT_PROJECT_VERSION = 1;
				DEVELOPMENT_TEAM = 9FV2U5727B;
				GENERATE_INFOPLIST_FILE = YES;
				MARKETING_VERSION = 1.0;
				PRODUCT_BUNDLE_IDENTIFIER = dev.enricogollner.SecondProjectAPINetworkRequestUITests;
				PRODUCT_NAME = "$(TARGET_NAME)";
				SWIFT_EMIT_LOC_STRINGS = NO;
				SWIFT_VERSION = 5.0;
				TARGETED_DEVICE_FAMILY = "1,2";
				TEST_TARGET_NAME = SecondProjectAPINetworkRequest;
			};
			name = Release;
		};
/* End XCBuildConfiguration section */

/* Begin XCConfigurationList section */
		0263A9CA2AF08FD7009AE101 /* Build configuration list for PBXProject "SecondProjectAPINetworkRequest" */ = {
			isa = XCConfigurationList;
			buildConfigurations = (
				0263A9F72AF08FD9009AE101 /* Debug */,
				0263A9F82AF08FD9009AE101 /* Release */,
			);
			defaultConfigurationIsVisible = 0;
			defaultConfigurationName = Release;
		};
		0263A9F92AF08FD9009AE101 /* Build configuration list for PBXNativeTarget "SecondProjectAPINetworkRequest" */ = {
			isa = XCConfigurationList;
			buildConfigurations = (
				0263A9FA2AF08FD9009AE101 /* Debug */,
				0263A9FB2AF08FD9009AE101 /* Release */,
			);
			defaultConfigurationIsVisible = 0;
			defaultConfigurationName = Release;
		};
		0263A9FC2AF08FD9009AE101 /* Build configuration list for PBXNativeTarget "SecondProjectAPINetworkRequestTests" */ = {
			isa = XCConfigurationList;
			buildConfigurations = (
				0263A9FD2AF08FD9009AE101 /* Debug */,
				0263A9FE2AF08FD9009AE101 /* Release */,
			);
			defaultConfigurationIsVisible = 0;
			defaultConfigurationName = Release;
		};
		0263A9FF2AF08FD9009AE101 /* Build configuration list for PBXNativeTarget "SecondProjectAPINetworkRequestUITests" */ = {
			isa = XCConfigurationList;
			buildConfigurations = (
				0263AA002AF08FD9009AE101 /* Debug */,
				0263AA012AF08FD9009AE101 /* Release */,
			);
			defaultConfigurationIsVisible = 0;
			defaultConfigurationName = Release;
		};
/* End XCConfigurationList section */
	};
	rootObject = 0263A9C72AF08FD7009AE101 /* Project object */;
}
