// !$*UTF8*$!
{
	archiveVersion = 1;
	classes = {
	};
	objectVersion = 56;
	objects = {

/* Begin PBXBuildFile section */
		02DC386A2AE7346D00E95323 /* AppDelegate.swift in Sources */ = {isa = PBXBuildFile; fileRef = 02DC38692AE7346D00E95323 /* AppDelegate.swift */; };
		02DC386C2AE7346D00E95323 /* SceneDelegate.swift in Sources */ = {isa = PBXBuildFile; fileRef = 02DC386B2AE7346D00E95323 /* SceneDelegate.swift */; };
		02DC386E2AE7346D00E95323 /* HomeViewController.swift in Sources */ = {isa = PBXBuildFile; fileRef = 02DC386D2AE7346D00E95323 /* HomeViewController.swift */; };
		02DC38732AE7347100E95323 /* Assets.xcassets in Resources */ = {isa = PBXBuildFile; fileRef = 02DC38722AE7347100E95323 /* Assets.xcassets */; };
		02DC38762AE7347100E95323 /* LaunchScreen.storyboard in Resources */ = {isa = PBXBuildFile; fileRef = 02DC38742AE7347100E95323 /* LaunchScreen.storyboard */; };
		02DC38812AE7347100E95323 /* PrimeiroAppNetworkCursoTests.swift in Sources */ = {isa = PBXBuildFile; fileRef = 02DC38802AE7347100E95323 /* PrimeiroAppNetworkCursoTests.swift */; };
		02DC388B2AE7347100E95323 /* PrimeiroAppNetworkCursoUITests.swift in Sources */ = {isa = PBXBuildFile; fileRef = 02DC388A2AE7347100E95323 /* PrimeiroAppNetworkCursoUITests.swift */; };
		02DC388D2AE7347100E95323 /* PrimeiroAppNetworkCursoUITestsLaunchTests.swift in Sources */ = {isa = PBXBuildFile; fileRef = 02DC388C2AE7347100E95323 /* PrimeiroAppNetworkCursoUITestsLaunchTests.swift */; };
		02DC389F2AE7365200E95323 /* HomeViewModel.swift in Sources */ = {isa = PBXBuildFile; fileRef = 02DC389E2AE7365200E95323 /* HomeViewModel.swift */; };
		02DC38A12AE7367D00E95323 /* HomeService.swift in Sources */ = {isa = PBXBuildFile; fileRef = 02DC38A02AE7367D00E95323 /* HomeService.swift */; };
		02DC38A32AE740E300E95323 /* Person.swift in Sources */ = {isa = PBXBuildFile; fileRef = 02DC38A22AE740E300E95323 /* Person.swift */; };
		02DC38A52AE7413000E95323 /* PeopleList.swift in Sources */ = {isa = PBXBuildFile; fileRef = 02DC38A42AE7413000E95323 /* PeopleList.swift */; };
		02DC38A82AE7493600E95323 /* NetworkError.swift in Sources */ = {isa = PBXBuildFile; fileRef = 02DC38A72AE7493600E95323 /* NetworkError.swift */; };
/* End PBXBuildFile section */

/* Begin PBXContainerItemProxy section */
		02DC387D2AE7347100E95323 /* PBXContainerItemProxy */ = {
			isa = PBXContainerItemProxy;
			containerPortal = 02DC385E2AE7346D00E95323 /* Project object */;
			proxyType = 1;
			remoteGlobalIDString = 02DC38652AE7346D00E95323;
			remoteInfo = PrimeiroAppNetworkCurso;
		};
		02DC38872AE7347100E95323 /* PBXContainerItemProxy */ = {
			isa = PBXContainerItemProxy;
			containerPortal = 02DC385E2AE7346D00E95323 /* Project object */;
			proxyType = 1;
			remoteGlobalIDString = 02DC38652AE7346D00E95323;
			remoteInfo = PrimeiroAppNetworkCurso;
		};
/* End PBXContainerItemProxy section */

/* Begin PBXFileReference section */
		02DC38662AE7346D00E95323 /* PrimeiroAppNetworkCurso.app */ = {isa = PBXFileReference; explicitFileType = wrapper.application; includeInIndex = 0; path = PrimeiroAppNetworkCurso.app; sourceTree = BUILT_PRODUCTS_DIR; };
		02DC38692AE7346D00E95323 /* AppDelegate.swift */ = {isa = PBXFileReference; lastKnownFileType = sourcecode.swift; path = AppDelegate.swift; sourceTree = "<group>"; };
		02DC386B2AE7346D00E95323 /* SceneDelegate.swift */ = {isa = PBXFileReference; lastKnownFileType = sourcecode.swift; path = SceneDelegate.swift; sourceTree = "<group>"; };
		02DC386D2AE7346D00E95323 /* HomeViewController.swift */ = {isa = PBXFileReference; lastKnownFileType = sourcecode.swift; path = HomeViewController.swift; sourceTree = "<group>"; };
		02DC38722AE7347100E95323 /* Assets.xcassets */ = {isa = PBXFileReference; lastKnownFileType = folder.assetcatalog; path = Assets.xcassets; sourceTree = "<group>"; };
		02DC38752AE7347100E95323 /* Base */ = {isa = PBXFileReference; lastKnownFileType = file.storyboard; name = Base; path = Base.lproj/LaunchScreen.storyboard; sourceTree = "<group>"; };
		02DC38772AE7347100E95323 /* Info.plist */ = {isa = PBXFileReference; lastKnownFileType = text.plist.xml; path = Info.plist; sourceTree = "<group>"; };
		02DC387C2AE7347100E95323 /* PrimeiroAppNetworkCursoTests.xctest */ = {isa = PBXFileReference; explicitFileType = wrapper.cfbundle; includeInIndex = 0; path = PrimeiroAppNetworkCursoTests.xctest; sourceTree = BUILT_PRODUCTS_DIR; };
		02DC38802AE7347100E95323 /* PrimeiroAppNetworkCursoTests.swift */ = {isa = PBXFileReference; lastKnownFileType = sourcecode.swift; path = PrimeiroAppNetworkCursoTests.swift; sourceTree = "<group>"; };
		02DC38862AE7347100E95323 /* PrimeiroAppNetworkCursoUITests.xctest */ = {isa = PBXFileReference; explicitFileType = wrapper.cfbundle; includeInIndex = 0; path = PrimeiroAppNetworkCursoUITests.xctest; sourceTree = BUILT_PRODUCTS_DIR; };
		02DC388A2AE7347100E95323 /* PrimeiroAppNetworkCursoUITests.swift */ = {isa = PBXFileReference; lastKnownFileType = sourcecode.swift; path = PrimeiroAppNetworkCursoUITests.swift; sourceTree = "<group>"; };
		02DC388C2AE7347100E95323 /* PrimeiroAppNetworkCursoUITestsLaunchTests.swift */ = {isa = PBXFileReference; lastKnownFileType = sourcecode.swift; path = PrimeiroAppNetworkCursoUITestsLaunchTests.swift; sourceTree = "<group>"; };
		02DC389E2AE7365200E95323 /* HomeViewModel.swift */ = {isa = PBXFileReference; lastKnownFileType = sourcecode.swift; path = HomeViewModel.swift; sourceTree = "<group>"; };
		02DC38A02AE7367D00E95323 /* HomeService.swift */ = {isa = PBXFileReference; lastKnownFileType = sourcecode.swift; path = HomeService.swift; sourceTree = "<group>"; };
		02DC38A22AE740E300E95323 /* Person.swift */ = {isa = PBXFileReference; lastKnownFileType = sourcecode.swift; path = Person.swift; sourceTree = "<group>"; };
		02DC38A42AE7413000E95323 /* PeopleList.swift */ = {isa = PBXFileReference; lastKnownFileType = sourcecode.swift; path = PeopleList.swift; sourceTree = "<group>"; };
		02DC38A72AE7493600E95323 /* NetworkError.swift */ = {isa = PBXFileReference; lastKnownFileType = sourcecode.swift; path = NetworkError.swift; sourceTree = "<group>"; };
/* End PBXFileReference section */

/* Begin PBXFrameworksBuildPhase section */
		02DC38632AE7346D00E95323 /* Frameworks */ = {
			isa = PBXFrameworksBuildPhase;
			buildActionMask = 2147483647;
			files = (
			);
			runOnlyForDeploymentPostprocessing = 0;
		};
		02DC38792AE7347100E95323 /* Frameworks */ = {
			isa = PBXFrameworksBuildPhase;
			buildActionMask = 2147483647;
			files = (
			);
			runOnlyForDeploymentPostprocessing = 0;
		};
		02DC38832AE7347100E95323 /* Frameworks */ = {
			isa = PBXFrameworksBuildPhase;
			buildActionMask = 2147483647;
			files = (
			);
			runOnlyForDeploymentPostprocessing = 0;
		};
/* End PBXFrameworksBuildPhase section */

/* Begin PBXGroup section */
		02DC385D2AE7346D00E95323 = {
			isa = PBXGroup;
			children = (
				02DC38682AE7346D00E95323 /* PrimeiroAppNetworkCurso */,
				02DC387F2AE7347100E95323 /* PrimeiroAppNetworkCursoTests */,
				02DC38892AE7347100E95323 /* PrimeiroAppNetworkCursoUITests */,
				02DC38672AE7346D00E95323 /* Products */,
			);
			sourceTree = "<group>";
		};
		02DC38672AE7346D00E95323 /* Products */ = {
			isa = PBXGroup;
			children = (
				02DC38662AE7346D00E95323 /* PrimeiroAppNetworkCurso.app */,
				02DC387C2AE7347100E95323 /* PrimeiroAppNetworkCursoTests.xctest */,
				02DC38862AE7347100E95323 /* PrimeiroAppNetworkCursoUITests.xctest */,
			);
			name = Products;
			sourceTree = "<group>";
		};
		02DC38682AE7346D00E95323 /* PrimeiroAppNetworkCurso */ = {
			isa = PBXGroup;
			children = (
				02DC38A62AE7492600E95323 /* Util */,
				02DC389C2AE7361C00E95323 /* Model */,
				02DC38992AE735F400E95323 /* Home */,
				02DC38692AE7346D00E95323 /* AppDelegate.swift */,
				02DC386B2AE7346D00E95323 /* SceneDelegate.swift */,
				02DC386D2AE7346D00E95323 /* HomeViewController.swift */,
				02DC38722AE7347100E95323 /* Assets.xcassets */,
				02DC38742AE7347100E95323 /* LaunchScreen.storyboard */,
				02DC38772AE7347100E95323 /* Info.plist */,
			);
			path = PrimeiroAppNetworkCurso;
			sourceTree = "<group>";
		};
		02DC387F2AE7347100E95323 /* PrimeiroAppNetworkCursoTests */ = {
			isa = PBXGroup;
			children = (
				02DC38802AE7347100E95323 /* PrimeiroAppNetworkCursoTests.swift */,
			);
			path = PrimeiroAppNetworkCursoTests;
			sourceTree = "<group>";
		};
		02DC38892AE7347100E95323 /* PrimeiroAppNetworkCursoUITests */ = {
			isa = PBXGroup;
			children = (
				02DC388A2AE7347100E95323 /* PrimeiroAppNetworkCursoUITests.swift */,
				02DC388C2AE7347100E95323 /* PrimeiroAppNetworkCursoUITestsLaunchTests.swift */,
			);
			path = PrimeiroAppNetworkCursoUITests;
			sourceTree = "<group>";
		};
		02DC38992AE735F400E95323 /* Home */ = {
			isa = PBXGroup;
			children = (
				02DC389B2AE7360700E95323 /* Service */,
				02DC389A2AE735FD00E95323 /* ViewModel */,
			);
			path = Home;
			sourceTree = "<group>";
		};
		02DC389A2AE735FD00E95323 /* ViewModel */ = {
			isa = PBXGroup;
			children = (
				02DC389E2AE7365200E95323 /* HomeViewModel.swift */,
			);
			path = ViewModel;
			sourceTree = "<group>";
		};
		02DC389B2AE7360700E95323 /* Service */ = {
			isa = PBXGroup;
			children = (
				02DC38A02AE7367D00E95323 /* HomeService.swift */,
			);
			path = Service;
			sourceTree = "<group>";
		};
		02DC389C2AE7361C00E95323 /* Model */ = {
			isa = PBXGroup;
			children = (
				02DC38A22AE740E300E95323 /* Person.swift */,
				02DC38A42AE7413000E95323 /* PeopleList.swift */,
			);
			path = Model;
			sourceTree = "<group>";
		};
		02DC38A62AE7492600E95323 /* Util */ = {
			isa = PBXGroup;
			children = (
				02DC38A72AE7493600E95323 /* NetworkError.swift */,
			);
			path = Util;
			sourceTree = "<group>";
		};
/* End PBXGroup section */

/* Begin PBXNativeTarget section */
		02DC38652AE7346D00E95323 /* PrimeiroAppNetworkCurso */ = {
			isa = PBXNativeTarget;
			buildConfigurationList = 02DC38902AE7347100E95323 /* Build configuration list for PBXNativeTarget "PrimeiroAppNetworkCurso" */;
			buildPhases = (
				02DC38622AE7346D00E95323 /* Sources */,
				02DC38632AE7346D00E95323 /* Frameworks */,
				02DC38642AE7346D00E95323 /* Resources */,
			);
			buildRules = (
			);
			dependencies = (
			);
			name = PrimeiroAppNetworkCurso;
			productName = PrimeiroAppNetworkCurso;
			productReference = 02DC38662AE7346D00E95323 /* PrimeiroAppNetworkCurso.app */;
			productType = "com.apple.product-type.application";
		};
		02DC387B2AE7347100E95323 /* PrimeiroAppNetworkCursoTests */ = {
			isa = PBXNativeTarget;
			buildConfigurationList = 02DC38932AE7347100E95323 /* Build configuration list for PBXNativeTarget "PrimeiroAppNetworkCursoTests" */;
			buildPhases = (
				02DC38782AE7347100E95323 /* Sources */,
				02DC38792AE7347100E95323 /* Frameworks */,
				02DC387A2AE7347100E95323 /* Resources */,
			);
			buildRules = (
			);
			dependencies = (
				02DC387E2AE7347100E95323 /* PBXTargetDependency */,
			);
			name = PrimeiroAppNetworkCursoTests;
			productName = PrimeiroAppNetworkCursoTests;
			productReference = 02DC387C2AE7347100E95323 /* PrimeiroAppNetworkCursoTests.xctest */;
			productType = "com.apple.product-type.bundle.unit-test";
		};
		02DC38852AE7347100E95323 /* PrimeiroAppNetworkCursoUITests */ = {
			isa = PBXNativeTarget;
			buildConfigurationList = 02DC38962AE7347100E95323 /* Build configuration list for PBXNativeTarget "PrimeiroAppNetworkCursoUITests" */;
			buildPhases = (
				02DC38822AE7347100E95323 /* Sources */,
				02DC38832AE7347100E95323 /* Frameworks */,
				02DC38842AE7347100E95323 /* Resources */,
			);
			buildRules = (
			);
			dependencies = (
				02DC38882AE7347100E95323 /* PBXTargetDependency */,
			);
			name = PrimeiroAppNetworkCursoUITests;
			productName = PrimeiroAppNetworkCursoUITests;
			productReference = 02DC38862AE7347100E95323 /* PrimeiroAppNetworkCursoUITests.xctest */;
			productType = "com.apple.product-type.bundle.ui-testing";
		};
/* End PBXNativeTarget section */

/* Begin PBXProject section */
		02DC385E2AE7346D00E95323 /* Project object */ = {
			isa = PBXProject;
			attributes = {
				BuildIndependentTargetsInParallel = 1;
				LastSwiftUpdateCheck = 1500;
				LastUpgradeCheck = 1500;
				TargetAttributes = {
					02DC38652AE7346D00E95323 = {
						CreatedOnToolsVersion = 15.0;
					};
					02DC387B2AE7347100E95323 = {
						CreatedOnToolsVersion = 15.0;
						TestTargetID = 02DC38652AE7346D00E95323;
					};
					02DC38852AE7347100E95323 = {
						CreatedOnToolsVersion = 15.0;
						TestTargetID = 02DC38652AE7346D00E95323;
					};
				};
			};
			buildConfigurationList = 02DC38612AE7346D00E95323 /* Build configuration list for PBXProject "PrimeiroAppNetworkCurso" */;
			compatibilityVersion = "Xcode 14.0";
			developmentRegion = en;
			hasScannedForEncodings = 0;
			knownRegions = (
				en,
				Base,
			);
			mainGroup = 02DC385D2AE7346D00E95323;
			productRefGroup = 02DC38672AE7346D00E95323 /* Products */;
			projectDirPath = "";
			projectRoot = "";
			targets = (
				02DC38652AE7346D00E95323 /* PrimeiroAppNetworkCurso */,
				02DC387B2AE7347100E95323 /* PrimeiroAppNetworkCursoTests */,
				02DC38852AE7347100E95323 /* PrimeiroAppNetworkCursoUITests */,
			);
		};
/* End PBXProject section */

/* Begin PBXResourcesBuildPhase section */
		02DC38642AE7346D00E95323 /* Resources */ = {
			isa = PBXResourcesBuildPhase;
			buildActionMask = 2147483647;
			files = (
				02DC38762AE7347100E95323 /* LaunchScreen.storyboard in Resources */,
				02DC38732AE7347100E95323 /* Assets.xcassets in Resources */,
			);
			runOnlyForDeploymentPostprocessing = 0;
		};
		02DC387A2AE7347100E95323 /* Resources */ = {
			isa = PBXResourcesBuildPhase;
			buildActionMask = 2147483647;
			files = (
			);
			runOnlyForDeploymentPostprocessing = 0;
		};
		02DC38842AE7347100E95323 /* Resources */ = {
			isa = PBXResourcesBuildPhase;
			buildActionMask = 2147483647;
			files = (
			);
			runOnlyForDeploymentPostprocessing = 0;
		};
/* End PBXResourcesBuildPhase section */

/* Begin PBXSourcesBuildPhase section */
		02DC38622AE7346D00E95323 /* Sources */ = {
			isa = PBXSourcesBuildPhase;
			buildActionMask = 2147483647;
			files = (
				02DC38A82AE7493600E95323 /* NetworkError.swift in Sources */,
				02DC38A32AE740E300E95323 /* Person.swift in Sources */,
				02DC386E2AE7346D00E95323 /* HomeViewController.swift in Sources */,
				02DC38A52AE7413000E95323 /* PeopleList.swift in Sources */,
				02DC386A2AE7346D00E95323 /* AppDelegate.swift in Sources */,
				02DC386C2AE7346D00E95323 /* SceneDelegate.swift in Sources */,
				02DC389F2AE7365200E95323 /* HomeViewModel.swift in Sources */,
				02DC38A12AE7367D00E95323 /* HomeService.swift in Sources */,
			);
			runOnlyForDeploymentPostprocessing = 0;
		};
		02DC38782AE7347100E95323 /* Sources */ = {
			isa = PBXSourcesBuildPhase;
			buildActionMask = 2147483647;
			files = (
				02DC38812AE7347100E95323 /* PrimeiroAppNetworkCursoTests.swift in Sources */,
			);
			runOnlyForDeploymentPostprocessing = 0;
		};
		02DC38822AE7347100E95323 /* Sources */ = {
			isa = PBXSourcesBuildPhase;
			buildActionMask = 2147483647;
			files = (
				02DC388B2AE7347100E95323 /* PrimeiroAppNetworkCursoUITests.swift in Sources */,
				02DC388D2AE7347100E95323 /* PrimeiroAppNetworkCursoUITestsLaunchTests.swift in Sources */,
			);
			runOnlyForDeploymentPostprocessing = 0;
		};
/* End PBXSourcesBuildPhase section */

/* Begin PBXTargetDependency section */
		02DC387E2AE7347100E95323 /* PBXTargetDependency */ = {
			isa = PBXTargetDependency;
			target = 02DC38652AE7346D00E95323 /* PrimeiroAppNetworkCurso */;
			targetProxy = 02DC387D2AE7347100E95323 /* PBXContainerItemProxy */;
		};
		02DC38882AE7347100E95323 /* PBXTargetDependency */ = {
			isa = PBXTargetDependency;
			target = 02DC38652AE7346D00E95323 /* PrimeiroAppNetworkCurso */;
			targetProxy = 02DC38872AE7347100E95323 /* PBXContainerItemProxy */;
		};
/* End PBXTargetDependency section */

/* Begin PBXVariantGroup section */
		02DC38742AE7347100E95323 /* LaunchScreen.storyboard */ = {
			isa = PBXVariantGroup;
			children = (
				02DC38752AE7347100E95323 /* Base */,
			);
			name = LaunchScreen.storyboard;
			sourceTree = "<group>";
		};
/* End PBXVariantGroup section */

/* Begin XCBuildConfiguration section */
		02DC388E2AE7347100E95323 /* Debug */ = {
			isa = XCBuildConfiguration;
			buildSettings = {
				ALWAYS_SEARCH_USER_PATHS = NO;
				ASSETCATALOG_COMPILER_GENERATE_SWIFT_ASSET_SYMBOL_EXTENSIONS = YES;
				CLANG_ANALYZER_NONNULL = YES;
				CLANG_ANALYZER_NUMBER_OBJECT_CONVERSION = YES_AGGRESSIVE;
				CLANG_CXX_LANGUAGE_STANDARD = "gnu++20";
				CLANG_ENABLE_MODULES = YES;
				CLANG_ENABLE_OBJC_ARC = YES;
				CLANG_ENABLE_OBJC_WEAK = YES;
				CLANG_WARN_BLOCK_CAPTURE_AUTORELEASING = YES;
				CLANG_WARN_BOOL_CONVERSION = YES;
				CLANG_WARN_COMMA = YES;
				CLANG_WARN_CONSTANT_CONVERSION = YES;
				CLANG_WARN_DEPRECATED_OBJC_IMPLEMENTATIONS = YES;
				CLANG_WARN_DIRECT_OBJC_ISA_USAGE = YES_ERROR;
				CLANG_WARN_DOCUMENTATION_COMMENTS = YES;
				CLANG_WARN_EMPTY_BODY = YES;
				CLANG_WARN_ENUM_CONVERSION = YES;
				CLANG_WARN_INFINITE_RECURSION = YES;
				CLANG_WARN_INT_CONVERSION = YES;
				CLANG_WARN_NON_LITERAL_NULL_CONVERSION = YES;
				CLANG_WARN_OBJC_IMPLICIT_RETAIN_SELF = YES;
				CLANG_WARN_OBJC_LITERAL_CONVERSION = YES;
				CLANG_WARN_OBJC_ROOT_CLASS = YES_ERROR;
				CLANG_WARN_QUOTED_INCLUDE_IN_FRAMEWORK_HEADER = YES;
				CLANG_WARN_RANGE_LOOP_ANALYSIS = YES;
				CLANG_WARN_STRICT_PROTOTYPES = YES;
				CLANG_WARN_SUSPICIOUS_MOVE = YES;
				CLANG_WARN_UNGUARDED_AVAILABILITY = YES_AGGRESSIVE;
				CLANG_WARN_UNREACHABLE_CODE = YES;
				CLANG_WARN__DUPLICATE_METHOD_MATCH = YES;
				COPY_PHASE_STRIP = NO;
				DEBUG_INFORMATION_FORMAT = dwarf;
				ENABLE_STRICT_OBJC_MSGSEND = YES;
				ENABLE_TESTABILITY = YES;
				ENABLE_USER_SCRIPT_SANDBOXING = YES;
				GCC_C_LANGUAGE_STANDARD = gnu17;
				GCC_DYNAMIC_NO_PIC = NO;
				GCC_NO_COMMON_BLOCKS = YES;
				GCC_OPTIMIZATION_LEVEL = 0;
				GCC_PREPROCESSOR_DEFINITIONS = (
					"DEBUG=1",
					"$(inherited)",
				);
				GCC_WARN_64_TO_32_BIT_CONVERSION = YES;
				GCC_WARN_ABOUT_RETURN_TYPE = YES_ERROR;
				GCC_WARN_UNDECLARED_SELECTOR = YES;
				GCC_WARN_UNINITIALIZED_AUTOS = YES_AGGRESSIVE;
				GCC_WARN_UNUSED_FUNCTION = YES;
				GCC_WARN_UNUSED_VARIABLE = YES;
				IPHONEOS_DEPLOYMENT_TARGET = 17.0;
				LOCALIZATION_PREFERS_STRING_CATALOGS = YES;
				MTL_ENABLE_DEBUG_INFO = INCLUDE_SOURCE;
				MTL_FAST_MATH = YES;
				ONLY_ACTIVE_ARCH = YES;
				SDKROOT = iphoneos;
				SWIFT_ACTIVE_COMPILATION_CONDITIONS = "DEBUG $(inherited)";
				SWIFT_OPTIMIZATION_LEVEL = "-Onone";
			};
			name = Debug;
		};
		02DC388F2AE7347100E95323 /* Release */ = {
			isa = XCBuildConfiguration;
			buildSettings = {
				ALWAYS_SEARCH_USER_PATHS = NO;
				ASSETCATALOG_COMPILER_GENERATE_SWIFT_ASSET_SYMBOL_EXTENSIONS = YES;
				CLANG_ANALYZER_NONNULL = YES;
				CLANG_ANALYZER_NUMBER_OBJECT_CONVERSION = YES_AGGRESSIVE;
				CLANG_CXX_LANGUAGE_STANDARD = "gnu++20";
				CLANG_ENABLE_MODULES = YES;
				CLANG_ENABLE_OBJC_ARC = YES;
				CLANG_ENABLE_OBJC_WEAK = YES;
				CLANG_WARN_BLOCK_CAPTURE_AUTORELEASING = YES;
				CLANG_WARN_BOOL_CONVERSION = YES;
				CLANG_WARN_COMMA = YES;
				CLANG_WARN_CONSTANT_CONVERSION = YES;
				CLANG_WARN_DEPRECATED_OBJC_IMPLEMENTATIONS = YES;
				CLANG_WARN_DIRECT_OBJC_ISA_USAGE = YES_ERROR;
				CLANG_WARN_DOCUMENTATION_COMMENTS = YES;
				CLANG_WARN_EMPTY_BODY = YES;
				CLANG_WARN_ENUM_CONVERSION = YES;
				CLANG_WARN_INFINITE_RECURSION = YES;
				CLANG_WARN_INT_CONVERSION = YES;
				CLANG_WARN_NON_LITERAL_NULL_CONVERSION = YES;
				CLANG_WARN_OBJC_IMPLICIT_RETAIN_SELF = YES;
				CLANG_WARN_OBJC_LITERAL_CONVERSION = YES;
				CLANG_WARN_OBJC_ROOT_CLASS = YES_ERROR;
				CLANG_WARN_QUOTED_INCLUDE_IN_FRAMEWORK_HEADER = YES;
				CLANG_WARN_RANGE_LOOP_ANALYSIS = YES;
				CLANG_WARN_STRICT_PROTOTYPES = YES;
				CLANG_WARN_SUSPICIOUS_MOVE = YES;
				CLANG_WARN_UNGUARDED_AVAILABILITY = YES_AGGRESSIVE;
				CLANG_WARN_UNREACHABLE_CODE = YES;
				CLANG_WARN__DUPLICATE_METHOD_MATCH = YES;
				COPY_PHASE_STRIP = NO;
				DEBUG_INFORMATION_FORMAT = "dwarf-with-dsym";
				ENABLE_NS_ASSERTIONS = NO;
				ENABLE_STRICT_OBJC_MSGSEND = YES;
				ENABLE_USER_SCRIPT_SANDBOXING = YES;
				GCC_C_LANGUAGE_STANDARD = gnu17;
				GCC_NO_COMMON_BLOCKS = YES;
				GCC_WARN_64_TO_32_BIT_CONVERSION = YES;
				GCC_WARN_ABOUT_RETURN_TYPE = YES_ERROR;
				GCC_WARN_UNDECLARED_SELECTOR = YES;
				GCC_WARN_UNINITIALIZED_AUTOS = YES_AGGRESSIVE;
				GCC_WARN_UNUSED_FUNCTION = YES;
				GCC_WARN_UNUSED_VARIABLE = YES;
				IPHONEOS_DEPLOYMENT_TARGET = 17.0;
				LOCALIZATION_PREFERS_STRING_CATALOGS = YES;
				MTL_ENABLE_DEBUG_INFO = NO;
				MTL_FAST_MATH = YES;
				SDKROOT = iphoneos;
				SWIFT_COMPILATION_MODE = wholemodule;
				VALIDATE_PRODUCT = YES;
			};
			name = Release;
		};
		02DC38912AE7347100E95323 /* Debug */ = {
			isa = XCBuildConfiguration;
			buildSettings = {
				ASSETCATALOG_COMPILER_APPICON_NAME = AppIcon;
				ASSETCATALOG_COMPILER_GLOBAL_ACCENT_COLOR_NAME = AccentColor;
				CODE_SIGN_STYLE = Automatic;
				CURRENT_PROJECT_VERSION = 1;
				DEVELOPMENT_TEAM = 9FV2U5727B;
				GENERATE_INFOPLIST_FILE = YES;
				INFOPLIST_FILE = PrimeiroAppNetworkCurso/Info.plist;
				INFOPLIST_KEY_UIApplicationSupportsIndirectInputEvents = YES;
				INFOPLIST_KEY_UILaunchStoryboardName = LaunchScreen;
				INFOPLIST_KEY_UIMainStoryboardFile = "";
				INFOPLIST_KEY_UISupportedInterfaceOrientations_iPad = "UIInterfaceOrientationPortrait UIInterfaceOrientationPortraitUpsideDown UIInterfaceOrientationLandscapeLeft UIInterfaceOrientationLandscapeRight";
				INFOPLIST_KEY_UISupportedInterfaceOrientations_iPhone = "UIInterfaceOrientationPortrait UIInterfaceOrientationLandscapeLeft UIInterfaceOrientationLandscapeRight";
				LD_RUNPATH_SEARCH_PATHS = (
					"$(inherited)",
					"@executable_path/Frameworks",
				);
				MARKETING_VERSION = 1.0;
				PRODUCT_BUNDLE_IDENTIFIER = dev.enricogollner.PrimeiroAppNetworkCurso;
				PRODUCT_NAME = "$(TARGET_NAME)";
				SWIFT_EMIT_LOC_STRINGS = YES;
				SWIFT_VERSION = 5.0;
				TARGETED_DEVICE_FAMILY = "1,2";
			};
			name = Debug;
		};
		02DC38922AE7347100E95323 /* Release */ = {
			isa = XCBuildConfiguration;
			buildSettings = {
				ASSETCATALOG_COMPILER_APPICON_NAME = AppIcon;
				ASSETCATALOG_COMPILER_GLOBAL_ACCENT_COLOR_NAME = AccentColor;
				CODE_SIGN_STYLE = Automatic;
				CURRENT_PROJECT_VERSION = 1;
				DEVELOPMENT_TEAM = 9FV2U5727B;
				GENERATE_INFOPLIST_FILE = YES;
				INFOPLIST_FILE = PrimeiroAppNetworkCurso/Info.plist;
				INFOPLIST_KEY_UIApplicationSupportsIndirectInputEvents = YES;
				INFOPLIST_KEY_UILaunchStoryboardName = LaunchScreen;
				INFOPLIST_KEY_UIMainStoryboardFile = "";
				INFOPLIST_KEY_UISupportedInterfaceOrientations_iPad = "UIInterfaceOrientationPortrait UIInterfaceOrientationPortraitUpsideDown UIInterfaceOrientationLandscapeLeft UIInterfaceOrientationLandscapeRight";
				INFOPLIST_KEY_UISupportedInterfaceOrientations_iPhone = "UIInterfaceOrientationPortrait UIInterfaceOrientationLandscapeLeft UIInterfaceOrientationLandscapeRight";
				LD_RUNPATH_SEARCH_PATHS = (
					"$(inherited)",
					"@executable_path/Frameworks",
				);
				MARKETING_VERSION = 1.0;
				PRODUCT_BUNDLE_IDENTIFIER = dev.enricogollner.PrimeiroAppNetworkCurso;
				PRODUCT_NAME = "$(TARGET_NAME)";
				SWIFT_EMIT_LOC_STRINGS = YES;
				SWIFT_VERSION = 5.0;
				TARGETED_DEVICE_FAMILY = "1,2";
			};
			name = Release;
		};
		02DC38942AE7347100E95323 /* Debug */ = {
			isa = XCBuildConfiguration;
			buildSettings = {
				ALWAYS_EMBED_SWIFT_STANDARD_LIBRARIES = YES;
				BUNDLE_LOADER = "$(TEST_HOST)";
				CODE_SIGN_STYLE = Automatic;
				CURRENT_PROJECT_VERSION = 1;
				DEVELOPMENT_TEAM = 9FV2U5727B;
				GENERATE_INFOPLIST_FILE = YES;
				IPHONEOS_DEPLOYMENT_TARGET = 17.0;
				MARKETING_VERSION = 1.0;
				PRODUCT_BUNDLE_IDENTIFIER = dev.enricogollner.PrimeiroAppNetworkCursoTests;
				PRODUCT_NAME = "$(TARGET_NAME)";
				SWIFT_EMIT_LOC_STRINGS = NO;
				SWIFT_VERSION = 5.0;
				TARGETED_DEVICE_FAMILY = "1,2";
				TEST_HOST = "$(BUILT_PRODUCTS_DIR)/PrimeiroAppNetworkCurso.app/$(BUNDLE_EXECUTABLE_FOLDER_PATH)/PrimeiroAppNetworkCurso";
			};
			name = Debug;
		};
		02DC38952AE7347100E95323 /* Release */ = {
			isa = XCBuildConfiguration;
			buildSettings = {
				ALWAYS_EMBED_SWIFT_STANDARD_LIBRARIES = YES;
				BUNDLE_LOADER = "$(TEST_HOST)";
				CODE_SIGN_STYLE = Automatic;
				CURRENT_PROJECT_VERSION = 1;
				DEVELOPMENT_TEAM = 9FV2U5727B;
				GENERATE_INFOPLIST_FILE = YES;
				IPHONEOS_DEPLOYMENT_TARGET = 17.0;
				MARKETING_VERSION = 1.0;
				PRODUCT_BUNDLE_IDENTIFIER = dev.enricogollner.PrimeiroAppNetworkCursoTests;
				PRODUCT_NAME = "$(TARGET_NAME)";
				SWIFT_EMIT_LOC_STRINGS = NO;
				SWIFT_VERSION = 5.0;
				TARGETED_DEVICE_FAMILY = "1,2";
				TEST_HOST = "$(BUILT_PRODUCTS_DIR)/PrimeiroAppNetworkCurso.app/$(BUNDLE_EXECUTABLE_FOLDER_PATH)/PrimeiroAppNetworkCurso";
			};
			name = Release;
		};
		02DC38972AE7347100E95323 /* Debug */ = {
			isa = XCBuildConfiguration;
			buildSettings = {
				ALWAYS_EMBED_SWIFT_STANDARD_LIBRARIES = YES;
				CODE_SIGN_STYLE = Automatic;
				CURRENT_PROJECT_VERSION = 1;
				DEVELOPMENT_TEAM = 9FV2U5727B;
				GENERATE_INFOPLIST_FILE = YES;
				MARKETING_VERSION = 1.0;
				PRODUCT_BUNDLE_IDENTIFIER = dev.enricogollner.PrimeiroAppNetworkCursoUITests;
				PRODUCT_NAME = "$(TARGET_NAME)";
				SWIFT_EMIT_LOC_STRINGS = NO;
				SWIFT_VERSION = 5.0;
				TARGETED_DEVICE_FAMILY = "1,2";
				TEST_TARGET_NAME = PrimeiroAppNetworkCurso;
			};
			name = Debug;
		};
		02DC38982AE7347100E95323 /* Release */ = {
			isa = XCBuildConfiguration;
			buildSettings = {
				ALWAYS_EMBED_SWIFT_STANDARD_LIBRARIES = YES;
				CODE_SIGN_STYLE = Automatic;
				CURRENT_PROJECT_VERSION = 1;
				DEVELOPMENT_TEAM = 9FV2U5727B;
				GENERATE_INFOPLIST_FILE = YES;
				MARKETING_VERSION = 1.0;
				PRODUCT_BUNDLE_IDENTIFIER = dev.enricogollner.PrimeiroAppNetworkCursoUITests;
				PRODUCT_NAME = "$(TARGET_NAME)";
				SWIFT_EMIT_LOC_STRINGS = NO;
				SWIFT_VERSION = 5.0;
				TARGETED_DEVICE_FAMILY = "1,2";
				TEST_TARGET_NAME = PrimeiroAppNetworkCurso;
			};
			name = Release;
		};
/* End XCBuildConfiguration section */

/* Begin XCConfigurationList section */
		02DC38612AE7346D00E95323 /* Build configuration list for PBXProject "PrimeiroAppNetworkCurso" */ = {
			isa = XCConfigurationList;
			buildConfigurations = (
				02DC388E2AE7347100E95323 /* Debug */,
				02DC388F2AE7347100E95323 /* Release */,
			);
			defaultConfigurationIsVisible = 0;
			defaultConfigurationName = Release;
		};
		02DC38902AE7347100E95323 /* Build configuration list for PBXNativeTarget "PrimeiroAppNetworkCurso" */ = {
			isa = XCConfigurationList;
			buildConfigurations = (
				02DC38912AE7347100E95323 /* Debug */,
				02DC38922AE7347100E95323 /* Release */,
			);
			defaultConfigurationIsVisible = 0;
			defaultConfigurationName = Release;
		};
		02DC38932AE7347100E95323 /* Build configuration list for PBXNativeTarget "PrimeiroAppNetworkCursoTests" */ = {
			isa = XCConfigurationList;
			buildConfigurations = (
				02DC38942AE7347100E95323 /* Debug */,
				02DC38952AE7347100E95323 /* Release */,
			);
			defaultConfigurationIsVisible = 0;
			defaultConfigurationName = Release;
		};
		02DC38962AE7347100E95323 /* Build configuration list for PBXNativeTarget "PrimeiroAppNetworkCursoUITests" */ = {
			isa = XCConfigurationList;
			buildConfigurations = (
				02DC38972AE7347100E95323 /* Debug */,
				02DC38982AE7347100E95323 /* Release */,
			);
			defaultConfigurationIsVisible = 0;
			defaultConfigurationName = Release;
		};
/* End XCConfigurationList section */
	};
	rootObject = 02DC385E2AE7346D00E95323 /* Project object */;
}
